
Microsoft Visual Studio Solution File, Format Version 12.00
# Visual Studio Version 16
VisualStudioVersion = 16.0.29009.5
MinimumVisualStudioVersion = 10.0.40219.1
Project("{9A19103F-16F7-4668-BE54-9A1E7A4F7556}") = "Notes", "Notes\Notes.csproj", "{C0D487C2-547E-4093-A23A-738A2DD448E5}"
EndProject
Project("{FAE04EC0-301F-11D3-BF4B-00C04F79EFBC}") = "Notes.DataAccess", "Notes.DataAccess\Notes.DataAccess.csproj", "{D4091D22-0E5F-45BC-A4F1-C86F24289166}"
EndProject
Global
	GlobalSection(SolutionConfigurationPlatforms) = preSolution
		Debug|Any CPU = Debug|Any CPU
		Release|Any CPU = Release|Any CPU
	EndGlobalSection
	GlobalSection(ProjectConfigurationPlatforms) = postSolution
		{C0D487C2-547E-4093-A23A-738A2DD448E5}.Debug|Any CPU.ActiveCfg = Debug|Any CPU
		{C0D487C2-547E-4093-A23A-738A2DD448E5}.Debug|Any CPU.Build.0 = Debug|Any CPU
		{C0D487C2-547E-4093-A23A-738A2DD448E5}.Release|Any CPU.ActiveCfg = Release|Any CPU
		{C0D487C2-547E-4093-A23A-738A2DD448E5}.Release|Any CPU.Build.0 = Release|Any CPU
		{D4091D22-0E5F-45BC-A4F1-C86F24289166}.Debug|Any CPU.ActiveCfg = Debug|Any CPU
		{D4091D22-0E5F-45BC-A4F1-C86F24289166}.Debug|Any CPU.Build.0 = Debug|Any CPU
		{D4091D22-0E5F-45BC-A4F1-C86F24289166}.Release|Any CPU.ActiveCfg = Release|Any CPU
		{D4091D22-0E5F-45BC-A4F1-C86F24289166}.Release|Any CPU.Build.0 = Release|Any CPU
	EndGlobalSection
	GlobalSection(SolutionProperties) = preSolution
		HideSolutionNode = FALSE
	EndGlobalSection
	GlobalSection(ExtensibilityGlobals) = postSolution
		SolutionGuid = {DA580C2D-FB95-4EDD-818A-402424E3E01B}
	EndGlobalSection
EndGlobal
